Microsoft Visual Studio Solution File, Format Version 12.00
# Visual Studio Version 17
VisualStudioVersion = 17.5.2.0
MinimumVisualStudioVersion = 10.0.40219.1
Project("{FAE04EC0-301F-11D3-BF4B-00C04F79EFBC}") = "minijuegoV1", "minijuegoV1\minijuegoV1.csproj", "{7895A8FC-E36E-6E89-9D9C-CE88E622A2FB}"
EndProject
Global
	GlobalSection(SolutionConfigurationPlatforms) = preSolution
		Debug|Any CPU = Debug|Any CPU
		Release|Any CPU = Release|Any CPU
	EndGlobalSection
	GlobalSection(ProjectConfigurationPlatforms) = postSolution
		{7895A8FC-E36E-6E89-9D9C-CE88E622A2FB}.Debug|Any CPU.ActiveCfg = Debug|Any CPU
		{7895A8FC-E36E-6E89-9D9C-CE88E622A2FB}.Debug|Any CPU.Build.0 = Debug|Any CPU
		{7895A8FC-E36E-6E89-9D9C-CE88E622A2FB}.Release|Any CPU.ActiveCfg = Release|Any CPU
		{7895A8FC-E36E-6E89-9D9C-CE88E622A2FB}.Release|Any CPU.Build.0 = Release|Any CPU
	EndGlobalSection
	GlobalSection(SolutionProperties) = preSolution
		HideSolutionNode = FALSE
	EndGlobalSection
	GlobalSection(ExtensibilityGlobals) = postSolution
		SolutionGuid = {FD67EDC4-1369-49AF-B809-6874D61F4DE2}
	EndGlobalSection
EndGlobal
